
Microsoft Visual Studio Solution File, Format Version 12.00
# Visual Studio 15
VisualStudioVersion = 15.0.28010.2026
MinimumVisualStudioVersion = 10.0.40219.1
Project("{FAE04EC0-301F-11D3-BF4B-00C04F79EFBC}") = "Core", "Core\Core.csproj", "{43BE10AA-B21F-4553-9CFA-52CC30F7258C}"
EndProject
Project("{FAE04EC0-301F-11D3-BF4B-00C04F79EFBC}") = "Infrastructure", "Infrastructure\Infrastructure.csproj", "{0FB8433B-56BE-48FE-80FE-13B2466363ED}"
EndProject
Global
	GlobalSection(SolutionConfigurationPlatforms) = preSolution
		Debug|Any CPU = Debug|Any CPU
		Release|Any CPU = Release|Any CPU
	EndGlobalSection
	GlobalSection(ProjectConfigurationPlatforms) = postSolution
		{43BE10AA-B21F-4553-9CFA-52CC30F7258C}.Debug|Any CPU.ActiveCfg = Debug|Any CPU
		{43BE10AA-B21F-4553-9CFA-52CC30F7258C}.Debug|Any CPU.Build.0 = Debug|Any CPU
		{43BE10AA-B21F-4553-9CFA-52CC30F7258C}.Release|Any CPU.ActiveCfg = Release|Any CPU
		{43BE10AA-B21F-4553-9CFA-52CC30F7258C}.Release|Any CPU.Build.0 = Release|Any CPU
		{0FB8433B-56BE-48FE-80FE-13B2466363ED}.Debug|Any CPU.ActiveCfg = Debug|Any CPU
		{0FB8433B-56BE-48FE-80FE-13B2466363ED}.Debug|Any CPU.Build.0 = Debug|Any CPU
		{0FB8433B-56BE-48FE-80FE-13B2466363ED}.Release|Any CPU.ActiveCfg = Release|Any CPU
		{0FB8433B-56BE-48FE-80FE-13B2466363ED}.Release|Any CPU.Build.0 = Release|Any CPU
	EndGlobalSection
	GlobalSection(SolutionProperties) = preSolution
		HideSolutionNode = FALSE
	EndGlobalSection
	GlobalSection(ExtensibilityGlobals) = postSolution
		SolutionGuid = {DE4EB44D-602C-4A89-B9BD-F121A937BB03}
	EndGlobalSection
EndGlobal
